
Microsoft Visual Studio Solution File, Format Version 12.00
# Visual Studio Version 16
VisualStudioVersion = 25.0.1703.0
MinimumVisualStudioVersion = 10.0.40219.1
Project("{FAE04EC0-301F-11D3-BF4B-00C04F79EFBC}") = "BlazorTd", "BlazorTd\BlazorTd.csproj", "{CEB8EBE7-C9FA-4C9B-B058-DD8D0AD97248}"
EndProject
Global
	GlobalSection(SolutionConfigurationPlatforms) = preSolution
		Debug|Any CPU = Debug|Any CPU
		Release|Any CPU = Release|Any CPU
	EndGlobalSection
	GlobalSection(ProjectConfigurationPlatforms) = postSolution
		{CEB8EBE7-C9FA-4C9B-B058-DD8D0AD97248}.Debug|Any CPU.ActiveCfg = Debug|Any CPU
		{CEB8EBE7-C9FA-4C9B-B058-DD8D0AD97248}.Debug|Any CPU.Build.0 = Debug|Any CPU
		{CEB8EBE7-C9FA-4C9B-B058-DD8D0AD97248}.Release|Any CPU.ActiveCfg = Release|Any CPU
		{CEB8EBE7-C9FA-4C9B-B058-DD8D0AD97248}.Release|Any CPU.Build.0 = Release|Any CPU
	EndGlobalSection
	GlobalSection(SolutionProperties) = preSolution
		HideSolutionNode = FALSE
	EndGlobalSection
	GlobalSection(ExtensibilityGlobals) = postSolution
		SolutionGuid = {B57F12EE-524F-47DC-8C7D-DF420AF5143F}
	EndGlobalSection
EndGlobal
